
Microsoft Visual Studio Solution File, Format Version 12.00
# Visual Studio 15
VisualStudioVersion = 15.0.28307.645
MinimumVisualStudioVersion = 10.0.40219.1
Project("{FAE04EC0-301F-11D3-BF4B-00C04F79EFBC}") = "WorldOfComputerTech", "WorldOfComputerTech\WorldOfComputerTech.csproj", "{00514AC5-32C3-43D1-8D53-E40383DE2943}"
EndProject
Global
	GlobalSection(SolutionConfigurationPlatforms) = preSolution
		Debug|Any CPU = Debug|Any CPU
		Release|Any CPU = Release|Any CPU
	EndGlobalSection
	GlobalSection(ProjectConfigurationPlatforms) = postSolution
		{00514AC5-32C3-43D1-8D53-E40383DE2943}.Debug|Any CPU.ActiveCfg = Debug|Any CPU
		{00514AC5-32C3-43D1-8D53-E40383DE2943}.Debug|Any CPU.Build.0 = Debug|Any CPU
		{00514AC5-32C3-43D1-8D53-E40383DE2943}.Release|Any CPU.ActiveCfg = Release|Any CPU
		{00514AC5-32C3-43D1-8D53-E40383DE2943}.Release|Any CPU.Build.0 = Release|Any CPU
	EndGlobalSection
	GlobalSection(SolutionProperties) = preSolution
		HideSolutionNode = FALSE
	EndGlobalSection
	GlobalSection(ExtensibilityGlobals) = postSolution
		SolutionGuid = {7093F5CB-20D9-4D9F-BD42-801B2CF97EDB}
	EndGlobalSection
EndGlobal
